
Microsoft Visual Studio Solution File, Format Version 12.00
# Visual Studio Version 16
VisualStudioVersion = 16.0.31829.152
MinimumVisualStudioVersion = 10.0.40219.1
Project("{FAE04EC0-301F-11D3-BF4B-00C04F79EFBC}") = "XMLGenerator", "XMLGenerator\XMLGenerator.csproj", "{AD75D15C-004B-4B35-93A8-CBEBE2E1C08F}"
EndProject
Global
	GlobalSection(SolutionConfigurationPlatforms) = preSolution
		Debug|Any CPU = Debug|Any CPU
		Release|Any CPU = Release|Any CPU
	EndGlobalSection
	GlobalSection(ProjectConfigurationPlatforms) = postSolution
		{AD75D15C-004B-4B35-93A8-CBEBE2E1C08F}.Debug|Any CPU.ActiveCfg = Debug|Any CPU
		{AD75D15C-004B-4B35-93A8-CBEBE2E1C08F}.Debug|Any CPU.Build.0 = Debug|Any CPU
		{AD75D15C-004B-4B35-93A8-CBEBE2E1C08F}.Release|Any CPU.ActiveCfg = Release|Any CPU
		{AD75D15C-004B-4B35-93A8-CBEBE2E1C08F}.Release|Any CPU.Build.0 = Release|Any CPU
	EndGlobalSection
	GlobalSection(SolutionProperties) = preSolution
		HideSolutionNode = FALSE
	EndGlobalSection
	GlobalSection(ExtensibilityGlobals) = postSolution
		SolutionGuid = {0C6AEB78-708C-4529-8F1E-A59D32716E8B}
	EndGlobalSection
EndGlobal
